
Microsoft Visual Studio Solution File, Format Version 12.00
# Visual Studio Version 16
VisualStudioVersion = 16.0.31729.503
MinimumVisualStudioVersion = 10.0.40219.1
Project("{9A19103F-16F7-4668-BE54-9A1E7A4F7556}") = "ConsoleApp1_PN0", "ConsoleApp1_PN0\ConsoleApp1_PN0.csproj", "{1ABF254A-3D6B-4A00-A9A4-B09555CAC633}"
EndProject
Project("{9A19103F-16F7-4668-BE54-9A1E7A4F7556}") = "VizeveFinal", "VizeveFinal\VizeveFinal.csproj", "{8EB5725C-B9A8-4957-9D42-C280477622F2}"
EndProject
Project("{FAE04EC0-301F-11D3-BF4B-00C04F79EFBC}") = "Merhaba", "Merhaba\Merhaba.csproj", "{2B5FF793-6E43-4A35-9C45-E672E37A2C72}"
EndProject
Global
	GlobalSection(SolutionConfigurationPlatforms) = preSolution
		Debug|Any CPU = Debug|Any CPU
		Release|Any CPU = Release|Any CPU
	EndGlobalSection
	GlobalSection(ProjectConfigurationPlatforms) = postSolution
		{1ABF254A-3D6B-4A00-A9A4-B09555CAC633}.Debug|Any CPU.ActiveCfg = Debug|Any CPU
		{1ABF254A-3D6B-4A00-A9A4-B09555CAC633}.Debug|Any CPU.Build.0 = Debug|Any CPU
		{1ABF254A-3D6B-4A00-A9A4-B09555CAC633}.Release|Any CPU.ActiveCfg = Release|Any CPU
		{1ABF254A-3D6B-4A00-A9A4-B09555CAC633}.Release|Any CPU.Build.0 = Release|Any CPU
		{8EB5725C-B9A8-4957-9D42-C280477622F2}.Debug|Any CPU.ActiveCfg = Debug|Any CPU
		{8EB5725C-B9A8-4957-9D42-C280477622F2}.Debug|Any CPU.Build.0 = Debug|Any CPU
		{8EB5725C-B9A8-4957-9D42-C280477622F2}.Release|Any CPU.ActiveCfg = Release|Any CPU
		{8EB5725C-B9A8-4957-9D42-C280477622F2}.Release|Any CPU.Build.0 = Release|Any CPU
		{2B5FF793-6E43-4A35-9C45-E672E37A2C72}.Debug|Any CPU.ActiveCfg = Debug|Any CPU
		{2B5FF793-6E43-4A35-9C45-E672E37A2C72}.Debug|Any CPU.Build.0 = Debug|Any CPU
		{2B5FF793-6E43-4A35-9C45-E672E37A2C72}.Release|Any CPU.ActiveCfg = Release|Any CPU
		{2B5FF793-6E43-4A35-9C45-E672E37A2C72}.Release|Any CPU.Build.0 = Release|Any CPU
	EndGlobalSection
	GlobalSection(SolutionProperties) = preSolution
		HideSolutionNode = FALSE
	EndGlobalSection
	GlobalSection(ExtensibilityGlobals) = postSolution
		SolutionGuid = {92F7138D-FA23-4844-B5EB-E3194E9DBEC8}
	EndGlobalSection
EndGlobal
